
Microsoft Visual Studio Solution File, Format Version 12.00
# Visual Studio Version 16
VisualStudioVersion = 16.0.30523.141
MinimumVisualStudioVersion = 10.0.40219.1
Project("{FAE04EC0-301F-11D3-BF4B-00C04F79EFBC}") = "CompositionPratics", "CompositionPratics\CompositionPratics.csproj", "{5FDEFE73-B7D4-4BFE-9C3B-639BA6551C99}"
EndProject
Global
	GlobalSection(SolutionConfigurationPlatforms) = preSolution
		Debug|Any CPU = Debug|Any CPU
		Release|Any CPU = Release|Any CPU
	EndGlobalSection
	GlobalSection(ProjectConfigurationPlatforms) = postSolution
		{5FDEFE73-B7D4-4BFE-9C3B-639BA6551C99}.Debug|Any CPU.ActiveCfg = Debug|Any CPU
		{5FDEFE73-B7D4-4BFE-9C3B-639BA6551C99}.Debug|Any CPU.Build.0 = Debug|Any CPU
		{5FDEFE73-B7D4-4BFE-9C3B-639BA6551C99}.Release|Any CPU.ActiveCfg = Release|Any CPU
		{5FDEFE73-B7D4-4BFE-9C3B-639BA6551C99}.Release|Any CPU.Build.0 = Release|Any CPU
	EndGlobalSection
	GlobalSection(SolutionProperties) = preSolution
		HideSolutionNode = FALSE
	EndGlobalSection
	GlobalSection(ExtensibilityGlobals) = postSolution
		SolutionGuid = {3A0BC379-8144-4DC3-8FAA-B8FC711371DD}
	EndGlobalSection
EndGlobal
